
Microsoft Visual Studio Solution File, Format Version 12.00
# Visual Studio Version 16
VisualStudioVersion = 16.0.29905.134
MinimumVisualStudioVersion = 10.0.40219.1
Project("{FAE04EC0-301F-11D3-BF4B-00C04F79EFBC}") = "2", "2\2.csproj", "{7FDC3068-8508-45BA-9146-4FEF96880B2E}"
EndProject
Global
	GlobalSection(SolutionConfigurationPlatforms) = preSolution
		Debug|Any CPU = Debug|Any CPU
		Release|Any CPU = Release|Any CPU
	EndGlobalSection
	GlobalSection(ProjectConfigurationPlatforms) = postSolution
		{7FDC3068-8508-45BA-9146-4FEF96880B2E}.Debug|Any CPU.ActiveCfg = Debug|Any CPU
		{7FDC3068-8508-45BA-9146-4FEF96880B2E}.Debug|Any CPU.Build.0 = Debug|Any CPU
		{7FDC3068-8508-45BA-9146-4FEF96880B2E}.Release|Any CPU.ActiveCfg = Release|Any CPU
		{7FDC3068-8508-45BA-9146-4FEF96880B2E}.Release|Any CPU.Build.0 = Release|Any CPU
	EndGlobalSection
	GlobalSection(SolutionProperties) = preSolution
		HideSolutionNode = FALSE
	EndGlobalSection
	GlobalSection(ExtensibilityGlobals) = postSolution
		SolutionGuid = {CABC94E9-EEB5-414A-9694-10A4107188BA}
	EndGlobalSection
EndGlobal
