
Microsoft Visual Studio Solution File, Format Version 12.00
# Visual Studio Version 16
VisualStudioVersion = 16.0.30011.22
MinimumVisualStudioVersion = 10.0.40219.1
Project("{FAE04EC0-301F-11D3-BF4B-00C04F79EFBC}") = "ReactionTimer", "ReactionTimer\ReactionTimer.csproj", "{9E355C27-73BE-4399-AB74-FB088E2D7C6B}"
EndProject
Global
	GlobalSection(SolutionConfigurationPlatforms) = preSolution
		Debug|Any CPU = Debug|Any CPU
		Release|Any CPU = Release|Any CPU
	EndGlobalSection
	GlobalSection(ProjectConfigurationPlatforms) = postSolution
		{9E355C27-73BE-4399-AB74-FB088E2D7C6B}.Debug|Any CPU.ActiveCfg = Debug|Any CPU
		{9E355C27-73BE-4399-AB74-FB088E2D7C6B}.Debug|Any CPU.Build.0 = Debug|Any CPU
		{9E355C27-73BE-4399-AB74-FB088E2D7C6B}.Release|Any CPU.ActiveCfg = Release|Any CPU
		{9E355C27-73BE-4399-AB74-FB088E2D7C6B}.Release|Any CPU.Build.0 = Release|Any CPU
	EndGlobalSection
	GlobalSection(SolutionProperties) = preSolution
		HideSolutionNode = FALSE
	EndGlobalSection
	GlobalSection(ExtensibilityGlobals) = postSolution
		SolutionGuid = {E1A35EC3-211F-443E-AC73-B7CA00B1F2CB}
	EndGlobalSection
EndGlobal
